
Microsoft Visual Studio Solution File, Format Version 12.00
# Visual Studio Version 16
VisualStudioVersion = 16.0.30804.86
MinimumVisualStudioVersion = 10.0.40219.1
Project("{FAE04EC0-301F-11D3-BF4B-00C04F79EFBC}") = "CarInsurance2", "CarInsurance2\CarInsurance2.csproj", "{C3B855FB-F398-4621-A26F-92987A085EA2}"
EndProject
Global
	GlobalSection(SolutionConfigurationPlatforms) = preSolution
		Debug|Any CPU = Debug|Any CPU
		Release|Any CPU = Release|Any CPU
	EndGlobalSection
	GlobalSection(ProjectConfigurationPlatforms) = postSolution
		{C3B855FB-F398-4621-A26F-92987A085EA2}.Debug|Any CPU.ActiveCfg = Debug|Any CPU
		{C3B855FB-F398-4621-A26F-92987A085EA2}.Debug|Any CPU.Build.0 = Debug|Any CPU
		{C3B855FB-F398-4621-A26F-92987A085EA2}.Release|Any CPU.ActiveCfg = Release|Any CPU
		{C3B855FB-F398-4621-A26F-92987A085EA2}.Release|Any CPU.Build.0 = Release|Any CPU
	EndGlobalSection
	GlobalSection(SolutionProperties) = preSolution
		HideSolutionNode = FALSE
	EndGlobalSection
	GlobalSection(ExtensibilityGlobals) = postSolution
		SolutionGuid = {262847CA-AB5E-4737-8776-A079C4BA402D}
	EndGlobalSection
EndGlobal
